PODS:
  - AFNetworking (3.2.1):
    - AFNetworking/NSURLSession (= 3.2.1)
    - AFNetworking/Reachability (= 3.2.1)
    - AFNetworking/Security (= 3.2.1)
    - AFNetworking/Serialization (= 3.2.1)
    - AFNetworking/UIKit (= 3.2.1)
  - AFNetworking-Synchronous (1.1.0):
    - AFNetworking-Synchronous/3.x (= 1.1.0)
  - AFNetworking-Synchronous/3.x (1.1.0):
    - AFNetworking (~> 3.0)
  - AFNetworking/NSURLSession (3.2.1):
    - AFNetworking/Reachability
    - AFNetworking/Security
    - AFNetworking/Serialization
  - AFNetworking/Reachability (3.2.1)
  - AFNetworking/Security (3.2.1)
  - AFNetworking/Serialization (3.2.1)
  - AFNetworking/UIKit (3.2.1):
    - AFNetworking/NSURLSession
  - AliyunOSSiOS (2.6.5)
  - AMap2DMap (5.6.1):
    - AMapFoundation (~> 1.4)
  - AMapFoundation (1.6.3)
  - BmobSDK (2.1.7)
  - FMDB (2.6.2):
    - FMDB/standard (= 2.6.2)
  - FMDB/standard (2.6.2)
  - HMSegmentedControl (1.5.4)
  - Mantle (2.1.0):
    - Mantle/extobjc (= 2.1.0)
  - Mantle/extobjc (2.1.0)
  - Masonry (1.1.0)
  - MBProgressHUD (1.2.0)
  - MJRefresh (3.2.2)
  - SDWebImage (5.6.1):
    - SDWebImage/Core (= 5.6.1)
  - SDWebImage/Core (5.6.1)
  - SVPullToRefresh (0.4.1)
  - THSegmentedPager (1.1.3):
    - HMSegmentedControl (~> 1.5.2)
  - TMCache (2.1.0)
  - TZImagePickerController (1.9.6)
  - UMCAnalytics (6.0.5):
    - UMCCommon
  - UMCCommon (2.1.1)
  - UMCCommonLog (1.0.0)
  - UMCPush (3.2.4):
    - UMCCommon
  - WebViewJavascriptBridge (6.0.2)

DEPENDENCIES:
  - AFNetworking (= 3.2.1)
  - AFNetworking-Synchronous (~> 1.1.0)
  - AliyunOSSiOS (~> 2.6.3)
  - AMap2DMap (= 5.6.1)
  - BmobSDK
  - FMDB (~> 2.6.2)
  - HMSegmentedControl (~> 1.5.4)
  - Mantle (= 2.1.0)
  - Masonry (= 1.1.0)
  - MBProgressHUD (= 1.2.0)
  - MJRefresh (= 3.2.2)
  - SDWebImage (= 5.6.1)
  - SVPullToRefresh (~> 0.4.1)
  - THSegmentedPager (~> 1.1.3)
  - TMCache (~> 2.1.0)
  - TZImagePickerController (~> 1.9.3)
  - UMCAnalytics (= 6.0.5)
  - UMCCommonLog
  - UMCPush (= 3.2.4)
  - WebViewJavascriptBridge (~> 6.0.2)

SPEC REPOS:
  https://mirrors.tuna.tsinghua.edu.cn/git/CocoaPods/Specs.git:
    - AFNetworking
    - AMap2DMap
    - AMapFoundation
    - MBProgressHUD
    - MJRefresh
    - SDWebImage
    - UMCCommonLog
    - UMCPush
  trunk:
    - AFNetworking-Synchronous
    - AliyunOSSiOS
    - BmobSDK
    - FMDB
    - HMSegmentedControl
    - Mantle
    - Masonry
    - SVPullToRefresh
    - THSegmentedPager
    - TMCache
    - TZImagePickerController
    - UMCAnalytics
    - UMCCommon
    - WebViewJavascriptBridge

SPEC CHECKSUMS:
  AFNetworking: b6f891fdfaed196b46c7a83cf209e09697b94057
  AFNetworking-Synchronous: 61b98fb931b114b0da2b243957ea533e2954c2a2
  AliyunOSSiOS: 6d7f1f6aae0176095d147a88d60b23bbef93e0b7
  AMap2DMap: cac76bc057de18a1641f34df6b50bf5bc6b23571
  AMapFoundation: 9ed923193b357ebb30a073e9fe255d3c24054d5a
  BmobSDK: 23cbfbde2a7cfaeb0c8a946953a266fe5211e7f6
  FMDB: 854a0341b4726e53276f2a8996f06f1b80f9259a
  HMSegmentedControl: b25bc4ec44766e073d62c473188fb354ee244b76
  Mantle: 2fa750afa478cd625a94230fbf1c13462f29395b
  Masonry: 678fab65091a9290e40e2832a55e7ab731aad201
  MBProgressHUD: 3ee5efcc380f6a79a7cc9b363dd669c5e1ae7406
  MJRefresh: 72a46ecaa2a0feaf48fc5198dff95f25f8bb27c6
  SDWebImage: 7edb9c3ea661e77a66661f7f044de8c1b55d1120
  SVPullToRefresh: ba2e718695a43253d8bea6852d2960097dc15d8c
  THSegmentedPager: 9d4fb2acc78d77246caf1e71d2e878bf5977b904
  TMCache: 95ebcc9b3c7e90fb5fd8fc3036cba3aa781c9bed
  TZImagePickerController: 276dc7c0cc70da9ee354046474b405d87ef81c89
  UMCAnalytics: 045be2cd1ec05aa95ad62405a850757f932e2d59
  UMCCommon: 971f324a5a99c9d662ae040a815e7e3d7ef8b2a8
  UMCCommonLog: 05a2d5de21858e3d870551562cff405c1366d244
  UMCPush: 1edd856027dcf905333effb4040ace5d236a7316
  WebViewJavascriptBridge: 791ee0e26d1bf15efe5fb7fb9666a71a19b89d77

PODFILE CHECKSUM: d436fe63513791ec1a8a17c5bc7efd0ad3208dad

COCOAPODS: 1.9.1
