PODS:
  - AFNetworking (4.0.0):
    - AFNetworking/NSURLSession (= 4.0.0)
    - AFNetworking/Reachability (= 4.0.0)
    - AFNetworking/Security (= 4.0.0)
    - AFNetworking/Serialization (= 4.0.0)
    - AFNetworking/UIKit (= 4.0.0)
  - AFNetworking/NSURLSession (4.0.0):
    - AFNetworking/Reachability
    - AFNetworking/Security
    - AFNetworking/Serialization
  - AFNetworking/Reachability (4.0.0)
  - AFNetworking/Security (4.0.0)
  - AFNetworking/Serialization (4.0.0)
  - AFNetworking/UIKit (4.0.0):
    - AFNetworking/NSURLSession
  - AlipaySDK-iOS (15.6.8)
  - AliyunOSSiOS (2.6.5)
  - AMap2DMap (5.6.1):
    - AMapFoundation (~> 1.4)
  - AMapFoundation (1.6.3)
  - AMapLocation (2.6.5):
    - AMapFoundation (~> 1.6.3)
  - BmobSDK (2.1.7)
  - FMDB (2.7.5):
    - FMDB/standard (= 2.7.5)
  - FMDB/standard (2.7.5)
  - HMSegmentedControl (1.5.5)
  - Mantle (2.1.1):
    - Mantle/extobjc (= 2.1.1)
  - Mantle/extobjc (2.1.1)
  - Masonry (1.1.0)
  - MBProgressHUD (1.2.0)
  - MJRefresh (3.2.2)
  - SDWebImage (5.6.1):
    - SDWebImage/Core (= 5.6.1)
  - SDWebImage/Core (5.6.1)
  - SVPullToRefresh (0.4.1)
  - THSegmentedPager (1.1.3):
    - HMSegmentedControl (~> 1.5.2)
  - TMCache (2.1.0)
  - TZImagePickerController (3.3.1)
  - UMCAnalytics (6.0.5):
    - UMCCommon
  - UMCCommon (2.1.1)
  - UMCPush (3.2.4):
    - UMCCommon
  - UMengUShare/Core (6.4.8.2):
    - UMengUShare/Network
  - UMengUShare/Network (6.4.8.2)
  - UMengUShare/Social/ReducedWeChat (6.4.8.2):
    - UMengUShare/Core
  - UMengUShare/UI (6.4.8.2):
    - UMengUShare/Core
  - WebViewJavascriptBridge (6.0.3)

DEPENDENCIES:
  - AFNetworking (= 4.0.0)
  - AlipaySDK-iOS (= 15.6.8)
  - AliyunOSSiOS
  - AMap2DMap (= 5.6.1)
  - AMapLocation (= 2.6.5)
  - BmobSDK
  - FMDB (~> 2.7.5)
  - HMSegmentedControl (~> 1.5.5)
  - Mantle (= 2.1.1)
  - Masonry (= 1.1.0)
  - MBProgressHUD (= 1.2.0)
  - MJRefresh (= 3.2.2)
  - SDWebImage (= 5.6.1)
  - SVPullToRefresh (~> 0.4.1)
  - THSegmentedPager (~> 1.1.3)
  - TMCache (~> 2.1.0)
  - TZImagePickerController (~> 3.3.1)
  - UMCAnalytics (= 6.0.5)
  - UMCPush (= 3.2.4)
  - UMengUShare/Social/ReducedWeChat
  - UMengUShare/UI
  - WebViewJavascriptBridge (= 6.0.3)

SPEC REPOS:
  https://mirrors.tuna.tsinghua.edu.cn/git/CocoaPods/Specs.git:
    - AFNetworking
    - AlipaySDK-iOS
    - AMap2DMap
    - AMapFoundation
    - AMapLocation
    - FMDB
    - HMSegmentedControl
    - Mantle
    - MBProgressHUD
    - MJRefresh
    - SDWebImage
    - TZImagePickerController
    - UMCPush
    - UMengUShare
    - WebViewJavascriptBridge
  trunk:
    - AliyunOSSiOS
    - BmobSDK
    - Masonry
    - SVPullToRefresh
    - THSegmentedPager
    - TMCache
    - UMCAnalytics
    - UMCCommon

SPEC CHECKSUMS:
  AFNetworking: d9fdf484a3c723ec3c558a41cc5754c7e845ee77
  AlipaySDK-iOS: 703a55774a37f412410ab04af96c011b91ec58cb
  AliyunOSSiOS: 6d7f1f6aae0176095d147a88d60b23bbef93e0b7
  AMap2DMap: cac76bc057de18a1641f34df6b50bf5bc6b23571
  AMapFoundation: 9ed923193b357ebb30a073e9fe255d3c24054d5a
  AMapLocation: c566d448285cd502c1e313063d9e2460bd4d7100
  BmobSDK: 23cbfbde2a7cfaeb0c8a946953a266fe5211e7f6
  FMDB: 2ce00b547f966261cd18927a3ddb07cb6f3db82a
  HMSegmentedControl: f514c6dad47aa3065e0ed2e8046b73efc71221b9
  Mantle: 35238ae6f2e2b2d474fa7b67fee82a59fea71915
  Masonry: 678fab65091a9290e40e2832a55e7ab731aad201
  MBProgressHUD: 3ee5efcc380f6a79a7cc9b363dd669c5e1ae7406
  MJRefresh: 72a46ecaa2a0feaf48fc5198dff95f25f8bb27c6
  SDWebImage: 7edb9c3ea661e77a66661f7f044de8c1b55d1120
  SVPullToRefresh: ba2e718695a43253d8bea6852d2960097dc15d8c
  THSegmentedPager: 9d4fb2acc78d77246caf1e71d2e878bf5977b904
  TMCache: 95ebcc9b3c7e90fb5fd8fc3036cba3aa781c9bed
  TZImagePickerController: 99f03b64145a8c92c55b9b1b931410967d9be4cb
  UMCAnalytics: 045be2cd1ec05aa95ad62405a850757f932e2d59
  UMCCommon: 971f324a5a99c9d662ae040a815e7e3d7ef8b2a8
  UMCPush: 1edd856027dcf905333effb4040ace5d236a7316
  UMengUShare: 370d180101e13ee0227ae657ab119ba97243d2b3
  WebViewJavascriptBridge: 7f5bc4d3581e672e8f32bd0f812d54bc69bb8e29

PODFILE CHECKSUM: 3619ccd242fe30191a5deabb1b82390a38b58a6f

COCOAPODS: 1.9.1
